# generated by rye
# use `rye lock` or `rye sync` to update this lockfile
#
# last locked with the following flags:
#   pre: false
#   features: []
#   all-features: false
#   with-sources: false
#   generate-hashes: false

annotated-types==0.6.0
    # via pydantic
colorama==0.4.6
    # via copier
copier==9.2.0
    # via copier-templates-extensions
copier-templates-extensions==0.3.0
dunamai==1.19.2
    # via copier
eval-type-backport==0.1.3
    # via copier
funcy==2.0
    # via copier
jinja2==3.1.3
    # via copier
    # via jinja2-ansible-filters
jinja2-ansible-filters==1.3.2
    # via copier
markupsafe==2.1.5
    # via jinja2
packaging==24.0
    # via copier
    # via dunamai
pathspec==0.12.1
    # via copier
plumbum==1.8.2
    # via copier
prompt-toolkit==3.0.36
    # via questionary
pydantic==2.6.4
    # via copier
pydantic-core==2.16.3
    # via pydantic
pygments==2.17.2
    # via copier
pyyaml==6.0.1
    # via copier
    # via jinja2-ansible-filters
questionary==2.0.1
    # via copier
typing-extensions==4.10.0
    # via pydantic
    # via pydantic-core
wcwidth==0.2.13
    # via prompt-toolkit
